
Microsoft Visual Studio Solution File, Format Version 12.00
# Visual Studio 15
VisualStudioVersion = 15.0.28307.645
MinimumVisualStudioVersion = 10.0.40219.1
Project("{FAE04EC0-301F-11D3-BF4B-00C04F79EFBC}") = "HackerRank", "HackerRank\HackerRank.csproj", "{7B953039-37B0-41AA-BC21-0256E9B38F98}"
EndProject
Project("{FAE04EC0-301F-11D3-BF4B-00C04F79EFBC}") = "Algorithms", "Algorithms\Algorithms.csproj", "{47587988-0EF8-4717-B1B8-DFDFC8CA7F48}"
EndProject
Project("{FAE04EC0-301F-11D3-BF4B-00C04F79EFBC}") = "AlgorithmsUnitTest", "AlgorithmsUnitTest\AlgorithmsUnitTest.csproj", "{0E19DF47-5D53-4C11-8689-71D10B29DBE5}"
EndProject
Global
	GlobalSection(SolutionConfigurationPlatforms) = preSolution
		Debug|Any CPU = Debug|Any CPU
		Release|Any CPU = Release|Any CPU
	EndGlobalSection
	GlobalSection(ProjectConfigurationPlatforms) = postSolution
		{7B953039-37B0-41AA-BC21-0256E9B38F98}.Debug|Any CPU.ActiveCfg = Debug|Any CPU
		{7B953039-37B0-41AA-BC21-0256E9B38F98}.Debug|Any CPU.Build.0 = Debug|Any CPU
		{7B953039-37B0-41AA-BC21-0256E9B38F98}.Release|Any CPU.ActiveCfg = Release|Any CPU
		{7B953039-37B0-41AA-BC21-0256E9B38F98}.Release|Any CPU.Build.0 = Release|Any CPU
		{47587988-0EF8-4717-B1B8-DFDFC8CA7F48}.Debug|Any CPU.ActiveCfg = Debug|Any CPU
		{47587988-0EF8-4717-B1B8-DFDFC8CA7F48}.Debug|Any CPU.Build.0 = Debug|Any CPU
		{47587988-0EF8-4717-B1B8-DFDFC8CA7F48}.Release|Any CPU.ActiveCfg = Release|Any CPU
		{47587988-0EF8-4717-B1B8-DFDFC8CA7F48}.Release|Any CPU.Build.0 = Release|Any CPU
		{0E19DF47-5D53-4C11-8689-71D10B29DBE5}.Debug|Any CPU.ActiveCfg = Debug|Any CPU
		{0E19DF47-5D53-4C11-8689-71D10B29DBE5}.Debug|Any CPU.Build.0 = Debug|Any CPU
		{0E19DF47-5D53-4C11-8689-71D10B29DBE5}.Release|Any CPU.ActiveCfg = Release|Any CPU
		{0E19DF47-5D53-4C11-8689-71D10B29DBE5}.Release|Any CPU.Build.0 = Release|Any CPU
	EndGlobalSection
	GlobalSection(SolutionProperties) = preSolution
		HideSolutionNode = FALSE
	EndGlobalSection
	GlobalSection(ExtensibilityGlobals) = postSolution
		SolutionGuid = {5FA3BF3B-50B7-4D1B-B0EA-58212DF8806A}
	EndGlobalSection
EndGlobal
